
Microsoft Visual Studio Solution File, Format Version 12.00
# Visual Studio Version 17
VisualStudioVersion = 17.9.34622.214
MinimumVisualStudioVersion = 10.0.40219.1
Project("{9A19103F-16F7-4668-BE54-9A1E7A4F7556}") = "SynergicAPI", "SynergicAPI.csproj", "{00651103-5460-41BE-83AD-03079E5B0D12}"
EndProject
Global
	GlobalSection(SolutionConfigurationPlatforms) = preSolution
		Debug|Any CPU = Debug|Any CPU
		Release|Any CPU = Release|Any CPU
	EndGlobalSection
	GlobalSection(ProjectConfigurationPlatforms) = postSolution
		{00651103-5460-41BE-83AD-03079E5B0D12}.Debug|Any CPU.ActiveCfg = Debug|Any CPU
		{00651103-5460-41BE-83AD-03079E5B0D12}.Debug|Any CPU.Build.0 = Debug|Any CPU
		{00651103-5460-41BE-83AD-03079E5B0D12}.Release|Any CPU.ActiveCfg = Release|Any CPU
		{00651103-5460-41BE-83AD-03079E5B0D12}.Release|Any CPU.Build.0 = Release|Any CPU
	EndGlobalSection
	GlobalSection(SolutionProperties) = preSolution
		HideSolutionNode = FALSE
	EndGlobalSection
	GlobalSection(ExtensibilityGlobals) = postSolution
		SolutionGuid = {96109AB3-7BB3-476C-9703-31018EB2B52C}
	EndGlobalSection
EndGlobal
