
Microsoft Visual Studio Solution File, Format Version 12.00
# Visual Studio Version 17
VisualStudioVersion = 17.9.34622.214
MinimumVisualStudioVersion = 10.0.40219.1
Project("{FAE04EC0-301F-11D3-BF4B-00C04F79EFBC}") = "SynergicAPI", "SynergicAPI.csproj", "{50E08E80-7767-4962-97DD-87B6AE5CAB03}"
EndProject
Global
	GlobalSection(SolutionConfigurationPlatforms) = preSolution
		Debug|Any CPU = Debug|Any CPU
		Release|Any CPU = Release|Any CPU
	EndGlobalSection
	GlobalSection(ProjectConfigurationPlatforms) = postSolution
		{50E08E80-7767-4962-97DD-87B6AE5CAB03}.Debug|Any CPU.ActiveCfg = Debug|Any CPU
		{50E08E80-7767-4962-97DD-87B6AE5CAB03}.Debug|Any CPU.Build.0 = Debug|Any CPU
		{50E08E80-7767-4962-97DD-87B6AE5CAB03}.Release|Any CPU.ActiveCfg = Release|Any CPU
		{50E08E80-7767-4962-97DD-87B6AE5CAB03}.Release|Any CPU.Build.0 = Release|Any CPU
	EndGlobalSection
	GlobalSection(SolutionProperties) = preSolution
		HideSolutionNode = FALSE
	EndGlobalSection
	GlobalSection(ExtensibilityGlobals) = postSolution
		SolutionGuid = {72A60B41-8B2D-4E63-A85F-E05085FFE65A}
	EndGlobalSection
EndGlobal
